
Microsoft Visual Studio Solution File, Format Version 12.00
Project("{FAE04EC0-301F-11D3-BF4B-00C04F79EFBC}") = "21EstructuraDatosTipoMatriz", "21EstructuraDatosTipoMatriz.csproj", "{2A0F8E88-C1A7-46C3-8B0A-0CAE24D8F112}"
EndProject
Global
	GlobalSection(SolutionConfigurationPlatforms) = preSolution
		Debug|Any CPU = Debug|Any CPU
		Release|Any CPU = Release|Any CPU
	EndGlobalSection
	GlobalSection(ProjectConfigurationPlatforms) = postSolution
		{2A0F8E88-C1A7-46C3-8B0A-0CAE24D8F112}.Debug|Any CPU.ActiveCfg = Debug|Any CPU
		{2A0F8E88-C1A7-46C3-8B0A-0CAE24D8F112}.Debug|Any CPU.Build.0 = Debug|Any CPU
		{2A0F8E88-C1A7-46C3-8B0A-0CAE24D8F112}.Release|Any CPU.ActiveCfg = Release|Any CPU
		{2A0F8E88-C1A7-46C3-8B0A-0CAE24D8F112}.Release|Any CPU.Build.0 = Release|Any CPU
	EndGlobalSection
EndGlobal
